
Microsoft Visual Studio Solution File, Format Version 12.00
# Visual Studio Version 16
VisualStudioVersion = 16.0.35731.53
MinimumVisualStudioVersion = 10.0.40219.1
Project("{D2ABAB84-BF74-430A-B69E-9DC6D40DDA17}") = "cuboOlapHDE", "cuboOlapHDE\cuboOlapHDE.dwproj", "{86956723-BD96-4F85-A742-95AE4C3A1353}"
EndProject
Global
	GlobalSection(SolutionConfigurationPlatforms) = preSolution
		Development|Default = Development|Default
	EndGlobalSection
	GlobalSection(ProjectConfigurationPlatforms) = postSolution
		{86956723-BD96-4F85-A742-95AE4C3A1353}.Development|Default.ActiveCfg = Development
		{86956723-BD96-4F85-A742-95AE4C3A1353}.Development|Default.Build.0 = Development
		{86956723-BD96-4F85-A742-95AE4C3A1353}.Development|Default.Deploy.0 = Development
	EndGlobalSection
	GlobalSection(SolutionProperties) = preSolution
		HideSolutionNode = FALSE
	EndGlobalSection
	GlobalSection(ExtensibilityGlobals) = postSolution
		SolutionGuid = {1559FB50-D2E9-4B0A-8E8C-2AB7FB7555FF}
	EndGlobalSection
EndGlobal
